
Microsoft Visual Studio Solution File, Format Version 12.00
# Visual Studio 2012
Project("{FAE04EC0-301F-11D3-BF4B-00C04F79EFBC}") = "PocAVS", "PocAVS\PocAVS.csproj", "{C4E84F84-B1F7-4707-84CA-7E172F6D0DCA}"
EndProject
Project("{FAE04EC0-301F-11D3-BF4B-00C04F79EFBC}") = "PocAVS.Droid", "Droid\PocAVS.Droid.csproj", "{5B6B9AAC-16A7-4F16-81C9-259787C0A2AD}"
EndProject
Project("{FAE04EC0-301F-11D3-BF4B-00C04F79EFBC}") = "PocAVS.iOS", "iOS\PocAVS.iOS.csproj", "{486473F5-1048-4AA1-AB28-0140252FB97B}"
EndProject
Global
	GlobalSection(SolutionConfigurationPlatforms) = preSolution
		Debug|Any CPU = Debug|Any CPU
		Release|Any CPU = Release|Any CPU
		Debug|iPhoneSimulator = Debug|iPhoneSimulator
		Release|iPhone = Release|iPhone
		Release|iPhoneSimulator = Release|iPhoneSimulator
		Debug|iPhone = Debug|iPhone
	EndGlobalSection
	GlobalSection(ProjectConfigurationPlatforms) = postSolution
		{C4E84F84-B1F7-4707-84CA-7E172F6D0DCA}.Debug|Any CPU.ActiveCfg = Debug|Any CPU
		{C4E84F84-B1F7-4707-84CA-7E172F6D0DCA}.Debug|Any CPU.Build.0 = Debug|Any CPU
		{C4E84F84-B1F7-4707-84CA-7E172F6D0DCA}.Release|Any CPU.ActiveCfg = Release|Any CPU
		{C4E84F84-B1F7-4707-84CA-7E172F6D0DCA}.Release|Any CPU.Build.0 = Release|Any CPU
		{C4E84F84-B1F7-4707-84CA-7E172F6D0DCA}.Debug|iPhoneSimulator.ActiveCfg = Debug|Any CPU
		{C4E84F84-B1F7-4707-84CA-7E172F6D0DCA}.Debug|iPhoneSimulator.Build.0 = Debug|Any CPU
		{C4E84F84-B1F7-4707-84CA-7E172F6D0DCA}.Release|iPhone.ActiveCfg = Release|Any CPU
		{C4E84F84-B1F7-4707-84CA-7E172F6D0DCA}.Release|iPhone.Build.0 = Release|Any CPU
		{C4E84F84-B1F7-4707-84CA-7E172F6D0DCA}.Release|iPhoneSimulator.ActiveCfg = Release|Any CPU
		{C4E84F84-B1F7-4707-84CA-7E172F6D0DCA}.Release|iPhoneSimulator.Build.0 = Release|Any CPU
		{C4E84F84-B1F7-4707-84CA-7E172F6D0DCA}.Debug|iPhone.ActiveCfg = Debug|Any CPU
		{C4E84F84-B1F7-4707-84CA-7E172F6D0DCA}.Debug|iPhone.Build.0 = Debug|Any CPU
		{5B6B9AAC-16A7-4F16-81C9-259787C0A2AD}.Debug|Any CPU.ActiveCfg = Debug|Any CPU
		{5B6B9AAC-16A7-4F16-81C9-259787C0A2AD}.Debug|Any CPU.Build.0 = Debug|Any CPU
		{5B6B9AAC-16A7-4F16-81C9-259787C0A2AD}.Release|Any CPU.ActiveCfg = Release|Any CPU
		{5B6B9AAC-16A7-4F16-81C9-259787C0A2AD}.Release|Any CPU.Build.0 = Release|Any CPU
		{5B6B9AAC-16A7-4F16-81C9-259787C0A2AD}.Debug|iPhoneSimulator.ActiveCfg = Debug|Any CPU
		{5B6B9AAC-16A7-4F16-81C9-259787C0A2AD}.Debug|iPhoneSimulator.Build.0 = Debug|Any CPU
		{5B6B9AAC-16A7-4F16-81C9-259787C0A2AD}.Release|iPhone.ActiveCfg = Release|Any CPU
		{5B6B9AAC-16A7-4F16-81C9-259787C0A2AD}.Release|iPhone.Build.0 = Release|Any CPU
		{5B6B9AAC-16A7-4F16-81C9-259787C0A2AD}.Release|iPhoneSimulator.ActiveCfg = Release|Any CPU
		{5B6B9AAC-16A7-4F16-81C9-259787C0A2AD}.Release|iPhoneSimulator.Build.0 = Release|Any CPU
		{5B6B9AAC-16A7-4F16-81C9-259787C0A2AD}.Debug|iPhone.ActiveCfg = Debug|Any CPU
		{5B6B9AAC-16A7-4F16-81C9-259787C0A2AD}.Debug|iPhone.Build.0 = Debug|Any CPU
		{486473F5-1048-4AA1-AB28-0140252FB97B}.Debug|Any CPU.ActiveCfg = Debug|iPhoneSimulator
		{486473F5-1048-4AA1-AB28-0140252FB97B}.Debug|Any CPU.Build.0 = Debug|iPhoneSimulator
		{486473F5-1048-4AA1-AB28-0140252FB97B}.Release|Any CPU.ActiveCfg = Release|iPhone
		{486473F5-1048-4AA1-AB28-0140252FB97B}.Release|Any CPU.Build.0 = Release|iPhone
		{486473F5-1048-4AA1-AB28-0140252FB97B}.Debug|iPhoneSimulator.ActiveCfg = Debug|iPhoneSimulator
		{486473F5-1048-4AA1-AB28-0140252FB97B}.Debug|iPhoneSimulator.Build.0 = Debug|iPhoneSimulator
		{486473F5-1048-4AA1-AB28-0140252FB97B}.Release|iPhone.ActiveCfg = Release|iPhone
		{486473F5-1048-4AA1-AB28-0140252FB97B}.Release|iPhone.Build.0 = Release|iPhone
		{486473F5-1048-4AA1-AB28-0140252FB97B}.Release|iPhoneSimulator.ActiveCfg = Release|iPhoneSimulator
		{486473F5-1048-4AA1-AB28-0140252FB97B}.Release|iPhoneSimulator.Build.0 = Release|iPhoneSimulator
		{486473F5-1048-4AA1-AB28-0140252FB97B}.Debug|iPhone.ActiveCfg = Debug|iPhone
		{486473F5-1048-4AA1-AB28-0140252FB97B}.Debug|iPhone.Build.0 = Debug|iPhone
	EndGlobalSection
EndGlobal
